
Microsoft Visual Studio Solution File, Format Version 12.00
# Visual Studio Version 17
VisualStudioVersion = 17.14.36301.6
MinimumVisualStudioVersion = 10.0.40219.1
Project("{FAE04EC0-301F-11D3-BF4B-00C04F79EFBC}") = "finance_management", "finance_management.csproj", "{C144B09B-B585-463A-9A2C-17ED9329AC45}"
EndProject
Global
	GlobalSection(SolutionConfigurationPlatforms) = preSolution
		Debug|Any CPU = Debug|Any CPU
		Release|Any CPU = Release|Any CPU
	EndGlobalSection
	GlobalSection(ProjectConfigurationPlatforms) = postSolution
		{C144B09B-B585-463A-9A2C-17ED9329AC45}.Debug|Any CPU.ActiveCfg = Debug|Any CPU
		{C144B09B-B585-463A-9A2C-17ED9329AC45}.Debug|Any CPU.Build.0 = Debug|Any CPU
		{C144B09B-B585-463A-9A2C-17ED9329AC45}.Release|Any CPU.ActiveCfg = Release|Any CPU
		{C144B09B-B585-463A-9A2C-17ED9329AC45}.Release|Any CPU.Build.0 = Release|Any CPU
	EndGlobalSection
	GlobalSection(SolutionProperties) = preSolution
		HideSolutionNode = FALSE
	EndGlobalSection
	GlobalSection(ExtensibilityGlobals) = postSolution
		SolutionGuid = {C855FA9F-EFC8-4520-B964-2FC4D2DC1AB0}
	EndGlobalSection
EndGlobal
